PODS:
  - Adapty (3.15.3):
    - AdaptyLogger (= 3.15.3)
    - AdaptyUIBuilder (= 3.15.3)
  - AdaptyCapacitor (3.16.0-beta.0):
    - Adapty (= 3.15.3)
    - AdaptyPlugin (= 3.15.3)
    - AdaptyUI (= 3.15.3)
    - Capacitor
  - AdaptyLogger (3.15.3)
  - AdaptyPlugin (3.15.3):
    - Adapty (= 3.15.3)
    - AdaptyLogger (= 3.15.3)
    - AdaptyUI (= 3.15.3)
    - AdaptyUIBuilder (= 3.15.3)
  - AdaptyUI (3.15.3):
    - Adapty (= 3.15.3)
    - AdaptyLogger (= 3.15.3)
    - AdaptyUIBuilder (= 3.15.3)
  - AdaptyUIBuilder (3.15.3):
    - AdaptyLogger (= 3.15.3)
  - Capacitor (8.0.1):
    - CapacitorCordova
  - CapacitorCordova (8.0.1)

DEPENDENCIES:
  - "AdaptyCapacitor (from `../../node_modules/@adapty/capacitor`)"
  - "Capacitor (from `../../node_modules/@capacitor/ios`)"
  - "CapacitorCordova (from `../../node_modules/@capacitor/ios`)"

SPEC REPOS:
  trunk:
    - Adapty
    - AdaptyLogger
    - AdaptyPlugin
    - AdaptyUI
    - AdaptyUIBuilder

EXTERNAL SOURCES:
  AdaptyCapacitor:
    :path: "../../node_modules/@adapty/capacitor"
  Capacitor:
    :path: "../../node_modules/@capacitor/ios"
  CapacitorCordova:
    :path: "../../node_modules/@capacitor/ios"

SPEC CHECKSUMS:
  Adapty: 9d5c8378ddf71747e5182ae9dd3426b2a4dc274a
  AdaptyCapacitor: 4b346d5dbb777ec0ee24c3b811fd2eacfd0fc675
  AdaptyLogger: 8a58745fe27ac991d2b2f05de57bfa9d932383ca
  AdaptyPlugin: d832e606563b2cc3e77dbc4ca23e64725a3b21c5
  AdaptyUI: 7b8515dade06d8a046826f024940c009bedb5f00
  AdaptyUIBuilder: e94ea218d936f58f13123fda19f3c13fba5cdb7d
  Capacitor: 2d8b1a05870ddb600b0e1e32b83fcf0890c244e1
  CapacitorCordova: 0d65b9bb74e995dcecb9463f34f1af2aba6f955c

PODFILE CHECKSUM: e353fd2e78f7aba63ab50abad1fbd4e6d879574b

COCOAPODS: 1.15.2
