PODS:
  - Adapty (3.15.7):
    - AdaptyLogger (= 3.15.7)
    - AdaptyUIBuilder (= 3.15.7)
  - AdaptyCapacitor (3.16.3):
    - Adapty (= 3.15.7)
    - AdaptyPlugin (= 3.15.7)
    - AdaptyUI (= 3.15.7)
    - Capacitor
  - AdaptyLogger (3.15.7)
  - AdaptyPlugin (3.15.7):
    - Adapty (= 3.15.7)
    - AdaptyLogger (= 3.15.7)
    - AdaptyUI (= 3.15.7)
    - AdaptyUIBuilder (= 3.15.7)
  - AdaptyUI (3.15.7):
    - Adapty (= 3.15.7)
    - AdaptyLogger (= 3.15.7)
    - AdaptyUIBuilder (= 3.15.7)
  - AdaptyUIBuilder (3.15.7):
    - AdaptyLogger (= 3.15.7)
  - Capacitor (8.0.1):
    - CapacitorCordova
  - CapacitorApp (8.0.0):
    - Capacitor
  - CapacitorClipboard (8.0.0):
    - Capacitor
  - CapacitorCordova (8.0.1)
  - CapacitorFilesystem (8.1.0):
    - Capacitor
    - IONFilesystemLib (~> 1.1.0)
  - CapacitorShare (8.0.0):
    - Capacitor
  - CapacitorStatusBar (8.0.0):
    - Capacitor
  - CapacitorToast (8.0.0):
    - Capacitor
  - IONFilesystemLib (1.1.0)

DEPENDENCIES:
  - AdaptyCapacitor (from `../../../..`)
  - "Capacitor (from `../../node_modules/@capacitor/ios`)"
  - "CapacitorApp (from `../../node_modules/@capacitor/app`)"
  - "CapacitorClipboard (from `../../node_modules/@capacitor/clipboard`)"
  - "CapacitorCordova (from `../../node_modules/@capacitor/ios`)"
  - "CapacitorFilesystem (from `../../node_modules/@capacitor/filesystem`)"
  - "CapacitorShare (from `../../node_modules/@capacitor/share`)"
  - "CapacitorStatusBar (from `../../node_modules/@capacitor/status-bar`)"
  - "CapacitorToast (from `../../node_modules/@capacitor/toast`)"

SPEC REPOS:
  trunk:
    - Adapty
    - AdaptyLogger
    - AdaptyPlugin
    - AdaptyUI
    - AdaptyUIBuilder
    - IONFilesystemLib

EXTERNAL SOURCES:
  AdaptyCapacitor:
    :path: "../../../.."
  Capacitor:
    :path: "../../node_modules/@capacitor/ios"
  CapacitorApp:
    :path: "../../node_modules/@capacitor/app"
  CapacitorClipboard:
    :path: "../../node_modules/@capacitor/clipboard"
  CapacitorCordova:
    :path: "../../node_modules/@capacitor/ios"
  CapacitorFilesystem:
    :path: "../../node_modules/@capacitor/filesystem"
  CapacitorShare:
    :path: "../../node_modules/@capacitor/share"
  CapacitorStatusBar:
    :path: "../../node_modules/@capacitor/status-bar"
  CapacitorToast:
    :path: "../../node_modules/@capacitor/toast"

SPEC CHECKSUMS:
  Adapty: abebbbc8f0b3c5bb5fee60b56370157d1eb6f0fc
  AdaptyCapacitor: 3c7c46e0467b6c27d9b0a1d86334099d502b8c25
  AdaptyLogger: 0aa2decd92c377035ef68bf8455ae9fb9a1896e8
  AdaptyPlugin: 4613933dd9d1f5676bfd64d2cf413972be60513b
  AdaptyUI: 4cde24413c1a424eda3669c1580e4622c1e55e4a
  AdaptyUIBuilder: 50ddeffc81a5bcf3b1fe06b2a2eda24944cd3a03
  Capacitor: 2d8b1a05870ddb600b0e1e32b83fcf0890c244e1
  CapacitorApp: cfa0120a1f3a6f69d4d37d3041782aa5c5167d0b
  CapacitorClipboard: 9a0c0a654641f93482748efb659bf95c0382b65a
  CapacitorCordova: 0d65b9bb74e995dcecb9463f34f1af2aba6f955c
  CapacitorFilesystem: 57c128a5ea9875aa7bb54eb7431e63d7721bedd4
  CapacitorShare: 703a2744f755982f1a4950f5120bea9763d6dfea
  CapacitorStatusBar: c6fa2d404083e41d145ea56698707a6986d4428b
  CapacitorToast: 6275c84283ac9c424a20554e71b8a6263f44554c
  IONFilesystemLib: 50b9a0f3052a9b40b9bedb43f328a8fe222f9f87

PODFILE CHECKSUM: a8e7f26db86613d914c92731a4bb48ce2a57706f

COCOAPODS: 1.15.2
