PODS:
  - Adapty (3.17.0):
    - AdaptyLogger (= 3.17.0)
    - AdaptyUIBuilder (= 3.17.0)
  - AdaptyCapacitor (3.17.0):
    - Adapty (= 3.17.0)
    - AdaptyPlugin (= 3.17.0)
    - AdaptyUI (= 3.17.0)
    - Capacitor
  - AdaptyLogger (3.17.0)
  - AdaptyPlugin (3.17.0):
    - Adapty (= 3.17.0)
    - AdaptyLogger (= 3.17.0)
    - AdaptyUI (= 3.17.0)
    - AdaptyUIBuilder (= 3.17.0)
  - AdaptyUI (3.17.0):
    - Adapty (= 3.17.0)
    - AdaptyLogger (= 3.17.0)
    - AdaptyUIBuilder (= 3.17.0)
  - AdaptyUIBuilder (3.17.0):
    - AdaptyLogger (= 3.17.0)
  - Capacitor (8.0.1):
    - CapacitorCordova
  - CapacitorApp (8.0.0):
    - Capacitor
  - CapacitorClipboard (8.0.0):
    - Capacitor
  - CapacitorCordova (8.0.1)
  - CapacitorFilesystem (8.1.0):
    - Capacitor
    - IONFilesystemLib (~> 1.1.0)
  - CapacitorShare (8.0.0):
    - Capacitor
  - CapacitorStatusBar (8.0.0):
    - Capacitor
  - CapacitorToast (8.0.0):
    - Capacitor
  - IONFilesystemLib (1.1.0)

DEPENDENCIES:
  - AdaptyCapacitor (from `../../../..`)
  - "Capacitor (from `../../node_modules/@capacitor/ios`)"
  - "CapacitorApp (from `../../node_modules/@capacitor/app`)"
  - "CapacitorClipboard (from `../../node_modules/@capacitor/clipboard`)"
  - "CapacitorCordova (from `../../node_modules/@capacitor/ios`)"
  - "CapacitorFilesystem (from `../../node_modules/@capacitor/filesystem`)"
  - "CapacitorShare (from `../../node_modules/@capacitor/share`)"
  - "CapacitorStatusBar (from `../../node_modules/@capacitor/status-bar`)"
  - "CapacitorToast (from `../../node_modules/@capacitor/toast`)"

SPEC REPOS:
  trunk:
    - Adapty
    - AdaptyLogger
    - AdaptyPlugin
    - AdaptyUI
    - AdaptyUIBuilder
    - IONFilesystemLib

EXTERNAL SOURCES:
  AdaptyCapacitor:
    :path: "../../../.."
  Capacitor:
    :path: "../../node_modules/@capacitor/ios"
  CapacitorApp:
    :path: "../../node_modules/@capacitor/app"
  CapacitorClipboard:
    :path: "../../node_modules/@capacitor/clipboard"
  CapacitorCordova:
    :path: "../../node_modules/@capacitor/ios"
  CapacitorFilesystem:
    :path: "../../node_modules/@capacitor/filesystem"
  CapacitorShare:
    :path: "../../node_modules/@capacitor/share"
  CapacitorStatusBar:
    :path: "../../node_modules/@capacitor/status-bar"
  CapacitorToast:
    :path: "../../node_modules/@capacitor/toast"

SPEC CHECKSUMS:
  Adapty: ae0038fac37a10f3916824b508578be0459d03ea
  AdaptyCapacitor: 4626a08e80b6085dacebc299cc9802641bf73439
  AdaptyLogger: 8de7cf207476715ef97c1f5d5b1476af21dc8691
  AdaptyPlugin: 67b9afd1639599f808eb707341f6ce0418e02a3d
  AdaptyUI: 6f0fd0494bed813952bd3008cbbd0ff8b961ecbb
  AdaptyUIBuilder: c2f9e2b57383d7945ab912d9cf78ebd6ee0c3652
  Capacitor: ff35b0f66370b84aa238251b35b91886a3207c16
  CapacitorApp: 3963a84197280757b84f126afd1520a85ae3b092
  CapacitorClipboard: 61832a3722adc61afed6e0191c8a0e11ba11674d
  CapacitorCordova: 0d65b9bb74e995dcecb9463f34f1af2aba6f955c
  CapacitorFilesystem: a957d4a4b6860844c4eba5bf441607a5166f92a7
  CapacitorShare: 12f1d192170cbcf9f108fd675ac8e343761a4638
  CapacitorStatusBar: 312e2e67928dfe9514c4a8916a1fd610552f5f35
  CapacitorToast: aefebcd4cead9f44a04ace80c66a7eb4031751e7
  IONFilesystemLib: 50b9a0f3052a9b40b9bedb43f328a8fe222f9f87

PODFILE CHECKSUM: a8e7f26db86613d914c92731a4bb48ce2a57706f

COCOAPODS: 1.15.2
